// !$*UTF8*$!
{
	archiveVersion = 1;
	classes = {
	};
	objectVersion = 50;
	objects = {

/* Begin PBXBuildFile section */
		1A2E18BE21D3B3EC00EB89F1 /* AppDelegate.swift in Sources */ = {isa = PBXBuildFile; fileRef = 1A2E18BD21D3B3EC00EB89F1 /* AppDelegate.swift */; };
		1A2E18C021D3B3EC00EB89F1 /* ViewController.swift in Sources */ = {isa = PBXBuildFile; fileRef = 1A2E18BF21D3B3EC00EB89F1 /* ViewController.swift */; };
		1A2E18C321D3B3EC00EB89F1 /* Main.storyboard in Resources */ = {isa = PBXBuildFile; fileRef = 1A2E18C121D3B3EC00EB89F1 /* Main.storyboard */; };
		1A2E18C521D3B3EF00EB89F1 /* Assets.xcassets in Resources */ = {isa = PBXBuildFile; fileRef = 1A2E18C421D3B3EF00EB89F1 /* Assets.xcassets */; };
		1A2E18C821D3B3EF00EB89F1 /* LaunchScreen.storyboard in Resources */ = {isa = PBXBuildFile; fileRef = 1A2E18C621D3B3EF00EB89F1 /* LaunchScreen.storyboard */; };
		27B254A86F02693E300A75AF /* Pods_GCKTest.framework in Frameworks */ = {isa = PBXBuildFile; fileRef = 2CE259053B7E113CCC0B986B /* Pods_GCKTest.framework */; };
/* End PBXBuildFile section */

/* Begin PBXFileReference section */
		1A2E18BA21D3B3EC00EB89F1 /* GCKTest.app */ = {isa = PBXFileReference; explicitFileType = wrapper.application; includeInIndex = 0; path = GCKTest.app; sourceTree = BUILT_PRODUCTS_DIR; };
		1A2E18BD21D3B3EC00EB89F1 /* AppDelegate.swift */ = {isa = PBXFileReference; lastKnownFileType = sourcecode.swift; path = AppDelegate.swift; sourceTree = "<group>"; };
		1A2E18BF21D3B3EC00EB89F1 /* ViewController.swift */ = {isa = PBXFileReference; lastKnownFileType = sourcecode.swift; path = ViewController.swift; sourceTree = "<group>"; };
		1A2E18C221D3B3EC00EB89F1 /* Base */ = {isa = PBXFileReference; lastKnownFileType = file.storyboard; name = Base; path = Base.lproj/Main.storyboard; sourceTree = "<group>"; };
		1A2E18C421D3B3EF00EB89F1 /* Assets.xcassets */ = {isa = PBXFileReference; lastKnownFileType = folder.assetcatalog; path = Assets.xcassets; sourceTree = "<group>"; };
		1A2E18C721D3B3EF00EB89F1 /* Base */ = {isa = PBXFileReference; lastKnownFileType = file.storyboard; name = Base; path = Base.lproj/LaunchScreen.storyboard; sourceTree = "<group>"; };
		1A2E18C921D3B3EF00EB89F1 /* Info.plist */ = {isa = PBXFileReference; lastKnownFileType = text.plist.xml; path = Info.plist; sourceTree = "<group>"; };
		2CE259053B7E113CCC0B986B /* Pods_GCKTest.framework */ = {isa = PBXFileReference; explicitFileType = wrapper.framework; includeInIndex = 0; path = Pods_GCKTest.framework; sourceTree = BUILT_PRODUCTS_DIR; };
		8B3DC1A3E3AA261E367E190D /* Pods-GCKTest.release.xcconfig */ = {isa = PBXFileReference; includeInIndex = 1; lastKnownFileType = text.xcconfig; name = "Pods-GCKTest.release.xcconfig"; path = "Pods/Target Support Files/Pods-GCKTest/Pods-GCKTest.release.xcconfig"; sourceTree = "<group>"; };
		CD5D799160DA9833E8107320 /* Pods-GCKTest.debug.xcconfig */ = {isa = PBXFileReference; includeInIndex = 1; lastKnownFileType = text.xcconfig; name = "Pods-GCKTest.debug.xcconfig"; path = "Pods/Target Support Files/Pods-GCKTest/Pods-GCKTest.debug.xcconfig"; sourceTree = "<group>"; };
/* End PBXFileReference section */

/* Begin PBXFrameworksBuildPhase section */
		1A2E18B721D3B3EC00EB89F1 /* Frameworks */ = {
			isa = PBXFrameworksBuildPhase;
			buildActionMask = 2147483647;
			files = (
				27B254A86F02693E300A75AF /* Pods_GCKTest.framework in Frameworks */,
			);
			runOnlyForDeploymentPostprocessing = 0;
		};
/* End PBXFrameworksBuildPhase section */

/* Begin PBXGroup section */
		1A2E18B121D3B3EC00EB89F1 = {
			isa = PBXGroup;
			children = (
				1A2E18BC21D3B3EC00EB89F1 /* GCKTest */,
				1A2E18BB21D3B3EC00EB89F1 /* Products */,
				8C1EF927931D5916996BEC79 /* Pods */,
				BE17CB62EE4022937284AADD /* Frameworks */,
			);
			sourceTree = "<group>";
		};
		1A2E18BB21D3B3EC00EB89F1 /* Products */ = {
			isa = PBXGroup;
			children = (
				1A2E18BA21D3B3EC00EB89F1 /* GCKTest.app */,
			);
			name = Products;
			sourceTree = "<group>";
		};
		1A2E18BC21D3B3EC00EB89F1 /* GCKTest */ = {
			isa = PBXGroup;
			children = (
				1A2E18BD21D3B3EC00EB89F1 /* AppDelegate.swift */,
				1A2E18BF21D3B3EC00EB89F1 /* ViewController.swift */,
				1A2E18C121D3B3EC00EB89F1 /* Main.storyboard */,
				1A2E18C421D3B3EF00EB89F1 /* Assets.xcassets */,
				1A2E18C621D3B3EF00EB89F1 /* LaunchScreen.storyboard */,
				1A2E18C921D3B3EF00EB89F1 /* Info.plist */,
			);
			path = GCKTest;
			sourceTree = "<group>";
		};
		8C1EF927931D5916996BEC79 /* Pods */ = {
			isa = PBXGroup;
			children = (
				CD5D799160DA9833E8107320 /* Pods-GCKTest.debug.xcconfig */,
				8B3DC1A3E3AA261E367E190D /* Pods-GCKTest.release.xcconfig */,
			);
			name = Pods;
			sourceTree = "<group>";
		};
		BE17CB62EE4022937284AADD /* Frameworks */ = {
			isa = PBXGroup;
			children = (
				2CE259053B7E113CCC0B986B /* Pods_GCKTest.framework */,
			);
			name = Frameworks;
			sourceTree = "<group>";
		};
/* End PBXGroup section */

/* Begin PBXNativeTarget section */
		1A2E18B921D3B3EC00EB89F1 /* GCKTest */ = {
			isa = PBXNativeTarget;
			buildConfigurationList = 1A2E18CC21D3B3EF00EB89F1 /* Build configuration list for PBXNativeTarget "GCKTest" */;
			buildPhases = (
				817CD8C263F053B4F0BF29B4 /* [CP] Check Pods Manifest.lock */,
				1A2E18B621D3B3EC00EB89F1 /* Sources */,
				1A2E18B721D3B3EC00EB89F1 /* Frameworks */,
				1A2E18B821D3B3EC00EB89F1 /* Resources */,
				5E43808368A3CC8C3DE6B131 /* [CP] Embed Pods Frameworks */,
				1B5014C3A56639B5FF530E68 /* [CP] Copy Pods Resources */,
			);
			buildRules = (
			);
			dependencies = (
			);
			name = GCKTest;
			productName = GCKTest;
			productReference = 1A2E18BA21D3B3EC00EB89F1 /* GCKTest.app */;
			productType = "com.apple.product-type.application";
		};
/* End PBXNativeTarget section */

/* Begin PBXProject section */
		1A2E18B221D3B3EC00EB89F1 /* Project object */ = {
			isa = PBXProject;
			attributes = {
				LastSwiftUpdateCheck = 1010;
				LastUpgradeCheck = 1010;
				ORGANIZATIONNAME = "山崎宏哉";
				TargetAttributes = {
					1A2E18B921D3B3EC00EB89F1 = {
						CreatedOnToolsVersion = 10.1;
					};
				};
			};
			buildConfigurationList = 1A2E18B521D3B3EC00EB89F1 /* Build configuration list for PBXProject "GCKTest" */;
			compatibilityVersion = "Xcode 9.3";
			developmentRegion = en;
			hasScannedForEncodings = 0;
			knownRegions = (
				en,
				Base,
			);
			mainGroup = 1A2E18B121D3B3EC00EB89F1;
			productRefGroup = 1A2E18BB21D3B3EC00EB89F1 /* Products */;
			projectDirPath = "";
			projectRoot = "";
			targets = (
				1A2E18B921D3B3EC00EB89F1 /* GCKTest */,
			);
		};
/* End PBXProject section */

/* Begin PBXResourcesBuildPhase section */
		1A2E18B821D3B3EC00EB89F1 /* Resources */ = {
			isa = PBXResourcesBuildPhase;
			buildActionMask = 2147483647;
			files = (
				1A2E18C821D3B3EF00EB89F1 /* LaunchScreen.storyboard in Resources */,
				1A2E18C521D3B3EF00EB89F1 /* Assets.xcassets in Resources */,
				1A2E18C321D3B3EC00EB89F1 /* Main.storyboard in Resources */,
			);
			runOnlyForDeploymentPostprocessing = 0;
		};
/* End PBXResourcesBuildPhase section */

/* Begin PBXShellScriptBuildPhase section */
		1B5014C3A56639B5FF530E68 /* [CP] Copy Pods Resources */ = {
			isa = PBXShellScriptBuildPhase;
			buildActionMask = 2147483647;
			files = (
			);
			inputFileListPaths = (
			);
			inputPaths = (
				"${SRCROOT}/Pods/Target Support Files/Pods-GCKTest/Pods-GCKTest-resources.sh",
				"${PODS_ROOT}/google-cast-sdk/GoogleCastSDK-ios-4.3.3_static/GoogleCast.framework/GoogleCastCoreResources.bundle",
				"${PODS_ROOT}/google-cast-sdk/GoogleCastSDK-ios-4.3.3_static/GoogleCast.framework/GoogleCastUIResources.bundle",
			);
			name = "[CP] Copy Pods Resources";
			outputFileListPaths = (
			);
			outputPaths = (
				"${TARGET_BUILD_DIR}/${UNLOCALIZED_RESOURCES_FOLDER_PATH}/GoogleCastCoreResources.bundle",
				"${TARGET_BUILD_DIR}/${UNLOCALIZED_RESOURCES_FOLDER_PATH}/GoogleCastUIResources.bundle",
			);
			runOnlyForDeploymentPostprocessing = 0;
			shellPath = /bin/sh;
			shellScript = "\"${SRCROOT}/Pods/Target Support Files/Pods-GCKTest/Pods-GCKTest-resources.sh\"\n";
			showEnvVarsInLog = 0;
		};
		5E43808368A3CC8C3DE6B131 /* [CP] Embed Pods Frameworks */ = {
			isa = PBXShellScriptBuildPhase;
			buildActionMask = 2147483647;
			files = (
			);
			inputFileListPaths = (
			);
			inputPaths = (
				"${SRCROOT}/Pods/Target Support Files/Pods-GCKTest/Pods-GCKTest-frameworks.sh",
				"${BUILT_PRODUCTS_DIR}/Protobuf/Protobuf.framework",
			);
			name = "[CP] Embed Pods Frameworks";
			outputFileListPaths = (
			);
			outputPaths = (
				"${TARGET_BUILD_DIR}/${FRAMEWORKS_FOLDER_PATH}/Protobuf.framework",
			);
			runOnlyForDeploymentPostprocessing = 0;
			shellPath = /bin/sh;
			shellScript = "\"${SRCROOT}/Pods/Target Support Files/Pods-GCKTest/Pods-GCKTest-frameworks.sh\"\n";
			showEnvVarsInLog = 0;
		};
		817CD8C263F053B4F0BF29B4 /* [CP] Check Pods Manifest.lock */ = {
			isa = PBXShellScriptBuildPhase;
			buildActionMask = 2147483647;
			files = (
			);
			inputFileListPaths = (
			);
			inputPaths = (
				"${PODS_PODFILE_DIR_PATH}/Podfile.lock",
				"${PODS_ROOT}/Manifest.lock",
			);
			name = "[CP] Check Pods Manifest.lock";
			outputFileListPaths = (
			);
			outputPaths = (
				"$(DERIVED_FILE_DIR)/Pods-GCKTest-checkManifestLockResult.txt",
			);
			runOnlyForDeploymentPostprocessing = 0;
			shellPath = /bin/sh;
			shellScript = "diff \"${PODS_PODFILE_DIR_PATH}/Podfile.lock\" \"${PODS_ROOT}/Manifest.lock\" > /dev/null\nif [ $? != 0 ] ; then\n    # print error to STDERR\n    echo \"error: The sandbox is not in sync with the Podfile.lock. Run 'pod install' or update your CocoaPods installation.\" >&2\n    exit 1\nfi\n# This output is used by Xcode 'outputs' to avoid re-running this script phase.\necho \"SUCCESS\" > \"${SCRIPT_OUTPUT_FILE_0}\"\n";
			showEnvVarsInLog = 0;
		};
/* End PBXShellScriptBuildPhase section */

/* Begin PBXSourcesBuildPhase section */
		1A2E18B621D3B3EC00EB89F1 /* Sources */ = {
			isa = PBXSourcesBuildPhase;
			buildActionMask = 2147483647;
			files = (
				1A2E18C021D3B3EC00EB89F1 /* ViewController.swift in Sources */,
				1A2E18BE21D3B3EC00EB89F1 /* AppDelegate.swift in Sources */,
			);
			runOnlyForDeploymentPostprocessing = 0;
		};
/* End PBXSourcesBuildPhase section */

/* Begin PBXVariantGroup section */
		1A2E18C121D3B3EC00EB89F1 /* Main.storyboard */ = {
			isa = PBXVariantGroup;
			children = (
				1A2E18C221D3B3EC00EB89F1 /* Base */,
			);
			name = Main.storyboard;
			sourceTree = "<group>";
		};
		1A2E18C621D3B3EF00EB89F1 /* LaunchScreen.storyboard */ = {
			isa = PBXVariantGroup;
			children = (
				1A2E18C721D3B3EF00EB89F1 /* Base */,
			);
			name = LaunchScreen.storyboard;
			sourceTree = "<group>";
		};
/* End PBXVariantGroup section */

/* Begin XCBuildConfiguration section */
		1A2E18CA21D3B3EF00EB89F1 /* Debug */ = {
			isa = XCBuildConfiguration;
			buildSettings = {
				ALWAYS_SEARCH_USER_PATHS = NO;
				CLANG_ANALYZER_NONNULL = YES;
				CLANG_ANALYZER_NUMBER_OBJECT_CONVERSION = YES_AGGRESSIVE;
				CLANG_CXX_LANGUAGE_STANDARD = "gnu++14";
				CLANG_CXX_LIBRARY = "libc++";
				CLANG_ENABLE_MODULES = YES;
				CLANG_ENABLE_OBJC_ARC = YES;
				CLANG_ENABLE_OBJC_WEAK = YES;
				CLANG_WARN_BLOCK_CAPTURE_AUTORELEASING = YES;
				CLANG_WARN_BOOL_CONVERSION = YES;
				CLANG_WARN_COMMA = YES;
				CLANG_WARN_CONSTANT_CONVERSION = YES;
				CLANG_WARN_DEPRECATED_OBJC_IMPLEMENTATIONS = YES;
				CLANG_WARN_DIRECT_OBJC_ISA_USAGE = YES_ERROR;
				CLANG_WARN_DOCUMENTATION_COMMENTS = YES;
				CLANG_WARN_EMPTY_BODY = YES;
				CLANG_WARN_ENUM_CONVERSION = YES;
				CLANG_WARN_INFINITE_RECURSION = YES;
				CLANG_WARN_INT_CONVERSION = YES;
				CLANG_WARN_NON_LITERAL_NULL_CONVERSION = YES;
				CLANG_WARN_OBJC_IMPLICIT_RETAIN_SELF = YES;
				CLANG_WARN_OBJC_LITERAL_CONVERSION = YES;
				CLANG_WARN_OBJC_ROOT_CLASS = YES_ERROR;
				CLANG_WARN_RANGE_LOOP_ANALYSIS = YES;
				CLANG_WARN_STRICT_PROTOTYPES = YES;
				CLANG_WARN_SUSPICIOUS_MOVE = YES;
				CLANG_WARN_UNGUARDED_AVAILABILITY = YES_AGGRESSIVE;
				CLANG_WARN_UNREACHABLE_CODE = YES;
				CLANG_WARN__DUPLICATE_METHOD_MATCH = YES;
				CODE_SIGN_IDENTITY = "iPhone Developer";
				COPY_PHASE_STRIP = NO;
				DEBUG_INFORMATION_FORMAT = dwarf;
				ENABLE_STRICT_OBJC_MSGSEND = YES;
				ENABLE_TESTABILITY = YES;
				GCC_C_LANGUAGE_STANDARD = gnu11;
				GCC_DYNAMIC_NO_PIC = NO;
				GCC_NO_COMMON_BLOCKS = YES;
				GCC_OPTIMIZATION_LEVEL = 0;
				GCC_PREPROCESSOR_DEFINITIONS = (
					"DEBUG=1",
					"$(inherited)",
				);
				GCC_WARN_64_TO_32_BIT_CONVERSION = YES;
				GCC_WARN_ABOUT_RETURN_TYPE = YES_ERROR;
				GCC_WARN_UNDECLARED_SELECTOR = YES;
				GCC_WARN_UNINITIALIZED_AUTOS = YES_AGGRESSIVE;
				GCC_WARN_UNUSED_FUNCTION = YES;
				GCC_WARN_UNUSED_VARIABLE = YES;
				IPHONEOS_DEPLOYMENT_TARGET = 12.1;
				MTL_ENABLE_DEBUG_INFO = INCLUDE_SOURCE;
				MTL_FAST_MATH = YES;
				ONLY_ACTIVE_ARCH = YES;
				SDKROOT = iphoneos;
				SWIFT_ACTIVE_COMPILATION_CONDITIONS = DEBUG;
				SWIFT_OPTIMIZATION_LEVEL = "-Onone";
			};
			name = Debug;
		};
		1A2E18CB21D3B3EF00EB89F1 /* Release */ = {
			isa = XCBuildConfiguration;
			buildSettings = {
				ALWAYS_SEARCH_USER_PATHS = NO;
				CLANG_ANALYZER_NONNULL = YES;
				CLANG_ANALYZER_NUMBER_OBJECT_CONVERSION = YES_AGGRESSIVE;
				CLANG_CXX_LANGUAGE_STANDARD = "gnu++14";
				CLANG_CXX_LIBRARY = "libc++";
				CLANG_ENABLE_MODULES = YES;
				CLANG_ENABLE_OBJC_ARC = YES;
				CLANG_ENABLE_OBJC_WEAK = YES;
				CLANG_WARN_BLOCK_CAPTURE_AUTORELEASING = YES;
				CLANG_WARN_BOOL_CONVERSION = YES;
				CLANG_WARN_COMMA = YES;
				CLANG_WARN_CONSTANT_CONVERSION = YES;
				CLANG_WARN_DEPRECATED_OBJC_IMPLEMENTATIONS = YES;
				CLANG_WARN_DIRECT_OBJC_ISA_USAGE = YES_ERROR;
				CLANG_WARN_DOCUMENTATION_COMMENTS = YES;
				CLANG_WARN_EMPTY_BODY = YES;
				CLANG_WARN_ENUM_CONVERSION = YES;
				CLANG_WARN_INFINITE_RECURSION = YES;
				CLANG_WARN_INT_CONVERSION = YES;
				CLANG_WARN_NON_LITERAL_NULL_CONVERSION = YES;
				CLANG_WARN_OBJC_IMPLICIT_RETAIN_SELF = YES;
				CLANG_WARN_OBJC_LITERAL_CONVERSION = YES;
				CLANG_WARN_OBJC_ROOT_CLASS = YES_ERROR;
				CLANG_WARN_RANGE_LOOP_ANALYSIS = YES;
				CLANG_WARN_STRICT_PROTOTYPES = YES;
				CLANG_WARN_SUSPICIOUS_MOVE = YES;
				CLANG_WARN_UNGUARDED_AVAILABILITY = YES_AGGRESSIVE;
				CLANG_WARN_UNREACHABLE_CODE = YES;
				CLANG_WARN__DUPLICATE_METHOD_MATCH = YES;
				CODE_SIGN_IDENTITY = "iPhone Developer";
				COPY_PHASE_STRIP = NO;
				DEBUG_INFORMATION_FORMAT = "dwarf-with-dsym";
				ENABLE_NS_ASSERTIONS = NO;
				ENABLE_STRICT_OBJC_MSGSEND = YES;
				GCC_C_LANGUAGE_STANDARD = gnu11;
				GCC_NO_COMMON_BLOCKS = YES;
				GCC_WARN_64_TO_32_BIT_CONVERSION = YES;
				GCC_WARN_ABOUT_RETURN_TYPE = YES_ERROR;
				GCC_WARN_UNDECLARED_SELECTOR = YES;
				GCC_WARN_UNINITIALIZED_AUTOS = YES_AGGRESSIVE;
				GCC_WARN_UNUSED_FUNCTION = YES;
				GCC_WARN_UNUSED_VARIABLE = YES;
				IPHONEOS_DEPLOYMENT_TARGET = 12.1;
				MTL_ENABLE_DEBUG_INFO = NO;
				MTL_FAST_MATH = YES;
				SDKROOT = iphoneos;
				SWIFT_COMPILATION_MODE = wholemodule;
				SWIFT_OPTIMIZATION_LEVEL = "-O";
				VALIDATE_PRODUCT = YES;
			};
			name = Release;
		};
		1A2E18CD21D3B3EF00EB89F1 /* Debug */ = {
			isa = XCBuildConfiguration;
			baseConfigurationReference = CD5D799160DA9833E8107320 /* Pods-GCKTest.debug.xcconfig */;
			buildSettings = {
				ASSETCATALOG_COMPILER_APPICON_NAME = AppIcon;
				CODE_SIGN_STYLE = Automatic;
				DEVELOPMENT_TEAM = BV68V66Y4K;
				INFOPLIST_FILE = GCKTest/Info.plist;
				LD_RUNPATH_SEARCH_PATHS = (
					"$(inherited)",
					"@executable_path/Frameworks",
				);
				PRODUCT_BUNDLE_IDENTIFIER = koya.GCKTest;
				PRODUCT_NAME = "$(TARGET_NAME)";
				SWIFT_VERSION = 4.2;
				TARGETED_DEVICE_FAMILY = "1,2";
			};
			name = Debug;
		};
		1A2E18CE21D3B3EF00EB89F1 /* Release */ = {
			isa = XCBuildConfiguration;
			baseConfigurationReference = 8B3DC1A3E3AA261E367E190D /* Pods-GCKTest.release.xcconfig */;
			buildSettings = {
				ASSETCATALOG_COMPILER_APPICON_NAME = AppIcon;
				CODE_SIGN_STYLE = Automatic;
				DEVELOPMENT_TEAM = BV68V66Y4K;
				INFOPLIST_FILE = GCKTest/Info.plist;
				LD_RUNPATH_SEARCH_PATHS = (
					"$(inherited)",
					"@executable_path/Frameworks",
				);
				PRODUCT_BUNDLE_IDENTIFIER = koya.GCKTest;
				PRODUCT_NAME = "$(TARGET_NAME)";
				SWIFT_VERSION = 4.2;
				TARGETED_DEVICE_FAMILY = "1,2";
			};
			name = Release;
		};
/* End XCBuildConfiguration section */

/* Begin XCConfigurationList section */
		1A2E18B521D3B3EC00EB89F1 /* Build configuration list for PBXProject "GCKTest" */ = {
			isa = XCConfigurationList;
			buildConfigurations = (
				1A2E18CA21D3B3EF00EB89F1 /* Debug */,
				1A2E18CB21D3B3EF00EB89F1 /* Release */,
			);
			defaultConfigurationIsVisible = 0;
			defaultConfigurationName = Release;
		};
		1A2E18CC21D3B3EF00EB89F1 /* Build configuration list for PBXNativeTarget "GCKTest" */ = {
			isa = XCConfigurationList;
			buildConfigurations = (
				1A2E18CD21D3B3EF00EB89F1 /* Debug */,
				1A2E18CE21D3B3EF00EB89F1 /* Release */,
			);
			defaultConfigurationIsVisible = 0;
			defaultConfigurationName = Release;
		};
/* End XCConfigurationList section */
	};
	rootObject = 1A2E18B221D3B3EC00EB89F1 /* Project object */;
}
